{
  "name": "@contentful/cra-template-create-contentful-app",
  "version": "0.14.123",
  "lockfileVersion": 2,
  "requires": true,
  "packages": {
    "": {
      "name": "@contentful/cra-template-create-contentful-app",
      "version": "0.14.59",
      "license": "MIT",
      "engines": {
        "node": ">=12",
        "npm": ">=6"
      }
    }
  }
}
